{
  "nodes": {
    "home-manager": {
      "inputs": {
        "nixpkgs": [
          "nixpkgs"
        ]
      },
      "locked": {
        "lastModified": 1639506187,
        "narHash": "sha256-6wcFhEaA14bHbbr7xgpMv2QEXOEp1vleW7pB6siJXrQ=",
        "owner": "rycee",
        "repo": "home-manager",
        "rev": "c61fc1c288bd1fdf96261ba5574a12cf8f9be70b",
        "type": "github"
      },
      "original": {
        "owner": "rycee",
        "ref": "master",
        "repo": "home-manager",
        "type": "github"
      }
    },
    "nixpkgs": {
      "locked": {
        "lastModified": 1639525045,
        "narHash": "sha256-z4GXFNzO+5V4CAUm2DDMAryLOWUKEbQif2ifvv1Ypg4=",
        "owner": "nixos",
        "repo": "nixpkgs",
        "rev": "a2e281f5770247855b85d70c43454ba5bff34613",
        "type": "github"
      },
      "original": {
        "owner": "nixos",
        "ref": "nixos-unstable",
        "repo": "nixpkgs",
        "type": "github"
      }
    },
    "root": {
      "inputs": {
        "home-manager": "home-manager",
        "nixpkgs": "nixpkgs",
        "scripts": "scripts"
      }
    },
    "scripts": {
      "inputs": {
        "nixpkgs": [
          "nixpkgs"
        ]
      },
      "locked": {
        "lastModified": 1639601496,
        "narHash": "sha256-5bmJ30hskrOMjwVs27xiXHVQXQRrXeAmnXuVwLlKz8Q=",
        "owner": "metaporia",
        "repo": "scripts",
        "rev": "b390667184f26cc1b15455bc9b98c487d9d71588",
        "type": "gitlab"
      },
      "original": {
        "owner": "metaporia",
        "repo": "scripts",
        "type": "gitlab"
      }
    }
  },
  "root": "root",
  "version": 7
}
