{
  "nodes": {
    "home-manager": {
      "inputs": {
        "nixpkgs": [
          "nixpkgs"
        ]
      },
      "locked": {
        "lastModified": 1687473300,
        "narHash": "sha256-4LflQpktYFiub8xVhEN9EZf1cYsr09md01rBJZRCGCc=",
        "owner": "rycee",
        "repo": "home-manager",
        "rev": "70ac18872a5f1a57a4546ff58888bf67a8bbb5b3",
        "type": "github"
      },
      "original": {
        "owner": "rycee",
        "ref": "master",
        "repo": "home-manager",
        "type": "github"
      }
    },
    "nixpkgs": {
      "locked": {
        "lastModified": 1687412861,
        "narHash": "sha256-Z/g0wbL68C+mSGerYS2quv9FXQ1RRP082cAC0Bh4vcs=",
        "owner": "nixos",
        "repo": "nixpkgs",
        "rev": "e603dc5f061ca1d8a19b3ede6a8cf9c9fcba6cdc",
        "type": "github"
      },
      "original": {
        "owner": "nixos",
        "ref": "nixos-unstable",
        "repo": "nixpkgs",
        "type": "github"
      }
    },
    "root": {
      "inputs": {
        "home-manager": "home-manager",
        "nixpkgs": "nixpkgs",
        "scripts": "scripts"
      }
    },
    "scripts": {
      "inputs": {
        "nixpkgs": [
          "nixpkgs"
        ]
      },
      "locked": {
        "lastModified": 1639601496,
        "narHash": "sha256-5bmJ30hskrOMjwVs27xiXHVQXQRrXeAmnXuVwLlKz8Q=",
        "owner": "metaporia",
        "repo": "scripts",
        "rev": "b390667184f26cc1b15455bc9b98c487d9d71588",
        "type": "gitlab"
      },
      "original": {
        "owner": "metaporia",
        "repo": "scripts",
        "type": "gitlab"
      }
    }
  },
  "root": "root",
  "version": 7
}
